
Microsoft Visual Studio Solution File, Format Version 12.00
# Visual Studio Version 16
VisualStudioVersion = 16.0.30711.63
MinimumVisualStudioVersion = 10.0.40219.1
Project("{FAE04EC0-301F-11D3-BF4B-00C04F79EFBC}") = "LamarDemo", "LamarDemo.csproj", "{6F71C779-969B-448F-AB8C-59B78F25F075}"
EndProject
Project("{9A19103F-16F7-4668-BE54-9A1E7A4F7556}") = "WinFormsMVP.NET", "..\..\src\WinFormsMVP.NET\WinFormsMVP.NET.csproj", "{7AA34B51-7E0D-4451-AEB8-E0DC1E3F2E50}"
EndProject
Project("{9A19103F-16F7-4668-BE54-9A1E7A4F7556}") = "WinFormsMVP.NET.Lamar", "..\..\src\WinFormsMVP.NET.Lamar\WinFormsMVP.NET.Lamar.csproj", "{83D74B09-02F1-4206-AD19-E43DAB1400FB}"
EndProject
Global
	GlobalSection(SolutionConfigurationPlatforms) = preSolution
		Debug|Any CPU = Debug|Any CPU
		Release|Any CPU = Release|Any CPU
	EndGlobalSection
	GlobalSection(ProjectConfigurationPlatforms) = postSolution
		{6F71C779-969B-448F-AB8C-59B78F25F075}.Debug|Any CPU.ActiveCfg = Debug|Any CPU
		{6F71C779-969B-448F-AB8C-59B78F25F075}.Debug|Any CPU.Build.0 = Debug|Any CPU
		{6F71C779-969B-448F-AB8C-59B78F25F075}.Release|Any CPU.ActiveCfg = Release|Any CPU
		{6F71C779-969B-448F-AB8C-59B78F25F075}.Release|Any CPU.Build.0 = Release|Any CPU
		{7AA34B51-7E0D-4451-AEB8-E0DC1E3F2E50}.Debug|Any CPU.ActiveCfg = Debug|Any CPU
		{7AA34B51-7E0D-4451-AEB8-E0DC1E3F2E50}.Debug|Any CPU.Build.0 = Debug|Any CPU
		{7AA34B51-7E0D-4451-AEB8-E0DC1E3F2E50}.Release|Any CPU.ActiveCfg = Release|Any CPU
		{7AA34B51-7E0D-4451-AEB8-E0DC1E3F2E50}.Release|Any CPU.Build.0 = Release|Any CPU
		{83D74B09-02F1-4206-AD19-E43DAB1400FB}.Debug|Any CPU.ActiveCfg = Debug|Any CPU
		{83D74B09-02F1-4206-AD19-E43DAB1400FB}.Debug|Any CPU.Build.0 = Debug|Any CPU
		{83D74B09-02F1-4206-AD19-E43DAB1400FB}.Release|Any CPU.ActiveCfg = Release|Any CPU
		{83D74B09-02F1-4206-AD19-E43DAB1400FB}.Release|Any CPU.Build.0 = Release|Any CPU
	EndGlobalSection
	GlobalSection(SolutionProperties) = preSolution
		HideSolutionNode = FALSE
	EndGlobalSection
	GlobalSection(ExtensibilityGlobals) = postSolution
		SolutionGuid = {5B451365-D0F3-4C9A-9D43-C0E8D3E8948B}
	EndGlobalSection
EndGlobal
