
Microsoft Visual Studio Solution File, Format Version 12.00
# Visual Studio Version 16
VisualStudioVersion = 16.0.30711.63
MinimumVisualStudioVersion = 10.0.40219.1
Project("{FAE04EC0-301F-11D3-BF4B-00C04F79EFBC}") = "AttributeBinding", "AttributeBinding.csproj", "{30FDB991-DD95-4883-8AB0-A106663A8B69}"
EndProject
Project("{9A19103F-16F7-4668-BE54-9A1E7A4F7556}") = "WinFormsMVP.NET", "..\..\src\WinFormsMVP.NET\WinFormsMVP.NET.csproj", "{218D5CA8-E8F2-475A-97D8-75B6098BD98F}"
EndProject
Global
	GlobalSection(SolutionConfigurationPlatforms) = preSolution
		Debug|Any CPU = Debug|Any CPU
		Release|Any CPU = Release|Any CPU
	EndGlobalSection
	GlobalSection(ProjectConfigurationPlatforms) = postSolution
		{30FDB991-DD95-4883-8AB0-A106663A8B69}.Debug|Any CPU.ActiveCfg = Debug|Any CPU
		{30FDB991-DD95-4883-8AB0-A106663A8B69}.Debug|Any CPU.Build.0 = Debug|Any CPU
		{30FDB991-DD95-4883-8AB0-A106663A8B69}.Release|Any CPU.ActiveCfg = Release|Any CPU
		{30FDB991-DD95-4883-8AB0-A106663A8B69}.Release|Any CPU.Build.0 = Release|Any CPU
		{218D5CA8-E8F2-475A-97D8-75B6098BD98F}.Debug|Any CPU.ActiveCfg = Debug|Any CPU
		{218D5CA8-E8F2-475A-97D8-75B6098BD98F}.Debug|Any CPU.Build.0 = Debug|Any CPU
		{218D5CA8-E8F2-475A-97D8-75B6098BD98F}.Release|Any CPU.ActiveCfg = Release|Any CPU
		{218D5CA8-E8F2-475A-97D8-75B6098BD98F}.Release|Any CPU.Build.0 = Release|Any CPU
	EndGlobalSection
	GlobalSection(SolutionProperties) = preSolution
		HideSolutionNode = FALSE
	EndGlobalSection
	GlobalSection(ExtensibilityGlobals) = postSolution
		SolutionGuid = {006B448F-C40D-4FBC-9D0B-7ACED7E19BD9}
	EndGlobalSection
EndGlobal
