
Microsoft Visual Studio Solution File, Format Version 12.00
# Visual Studio Version 16
VisualStudioVersion = 16.0.30711.63
MinimumVisualStudioVersion = 10.0.40219.1
Project("{9A19103F-16F7-4668-BE54-9A1E7A4F7556}") = "WinFormsMVP.NET", "WinFormsMVP.NET\WinFormsMVP.NET.csproj", "{872CE1BD-7B08-4360-9200-45C07B35396E}"
EndProject
Project("{9A19103F-16F7-4668-BE54-9A1E7A4F7556}") = "WinFormsMVP.NET.SimpleInjector", "WinFormsMVP.NET.SimpleInjector\WinFormsMVP.NET.SimpleInjector.csproj", "{D4E7D19B-2A92-46CE-B8F4-37214A33261B}"
EndProject
Project("{9A19103F-16F7-4668-BE54-9A1E7A4F7556}") = "WinFormsMVP.NET.Autofac", "WinFormsMVP.NET.Autofac\WinFormsMVP.NET.Autofac.csproj", "{05CFB83B-3D75-44C0-85EF-F4F19E6AF293}"
EndProject
Project("{9A19103F-16F7-4668-BE54-9A1E7A4F7556}") = "WinFormsMVP.NET.Lamar", "WinFormsMVP.NET.Lamar\WinFormsMVP.NET.Lamar.csproj", "{F61616BD-AC33-4994-8077-11E4F6A3B68D}"
EndProject
Global
	GlobalSection(SolutionConfigurationPlatforms) = preSolution
		Debug|Any CPU = Debug|Any CPU
		Release|Any CPU = Release|Any CPU
	EndGlobalSection
	GlobalSection(ProjectConfigurationPlatforms) = postSolution
		{872CE1BD-7B08-4360-9200-45C07B35396E}.Debug|Any CPU.ActiveCfg = Debug|Any CPU
		{872CE1BD-7B08-4360-9200-45C07B35396E}.Debug|Any CPU.Build.0 = Debug|Any CPU
		{872CE1BD-7B08-4360-9200-45C07B35396E}.Release|Any CPU.ActiveCfg = Release|Any CPU
		{872CE1BD-7B08-4360-9200-45C07B35396E}.Release|Any CPU.Build.0 = Release|Any CPU
		{D4E7D19B-2A92-46CE-B8F4-37214A33261B}.Debug|Any CPU.ActiveCfg = Debug|Any CPU
		{D4E7D19B-2A92-46CE-B8F4-37214A33261B}.Debug|Any CPU.Build.0 = Debug|Any CPU
		{D4E7D19B-2A92-46CE-B8F4-37214A33261B}.Release|Any CPU.ActiveCfg = Release|Any CPU
		{D4E7D19B-2A92-46CE-B8F4-37214A33261B}.Release|Any CPU.Build.0 = Release|Any CPU
		{05CFB83B-3D75-44C0-85EF-F4F19E6AF293}.Debug|Any CPU.ActiveCfg = Debug|Any CPU
		{05CFB83B-3D75-44C0-85EF-F4F19E6AF293}.Debug|Any CPU.Build.0 = Debug|Any CPU
		{05CFB83B-3D75-44C0-85EF-F4F19E6AF293}.Release|Any CPU.ActiveCfg = Release|Any CPU
		{05CFB83B-3D75-44C0-85EF-F4F19E6AF293}.Release|Any CPU.Build.0 = Release|Any CPU
		{F61616BD-AC33-4994-8077-11E4F6A3B68D}.Debug|Any CPU.ActiveCfg = Debug|Any CPU
		{F61616BD-AC33-4994-8077-11E4F6A3B68D}.Debug|Any CPU.Build.0 = Debug|Any CPU
		{F61616BD-AC33-4994-8077-11E4F6A3B68D}.Release|Any CPU.ActiveCfg = Release|Any CPU
		{F61616BD-AC33-4994-8077-11E4F6A3B68D}.Release|Any CPU.Build.0 = Release|Any CPU
	EndGlobalSection
	GlobalSection(SolutionProperties) = preSolution
		HideSolutionNode = FALSE
	EndGlobalSection
	GlobalSection(ExtensibilityGlobals) = postSolution
		SolutionGuid = {275511D7-A5C0-48A3-B3B9-6231C0DC6E38}
	EndGlobalSection
EndGlobal
